
Microsoft Visual Studio Solution File, Format Version 12.00
# Visual Studio Version 17
VisualStudioVersion = 17.3.32901.215
MinimumVisualStudioVersion = 10.0.40219.1
Project("{FAE04EC0-301F-11D3-BF4B-00C04F79EFBC}") = "forDongusu", "forDongusu\forDongusu.csproj", "{89EC60FB-24F7-4512-8489-09C2D20E8ED3}"
EndProject
Global
	GlobalSection(SolutionConfigurationPlatforms) = preSolution
		Debug|Any CPU = Debug|Any CPU
		Release|Any CPU = Release|Any CPU
	EndGlobalSection
	GlobalSection(ProjectConfigurationPlatforms) = postSolution
		{89EC60FB-24F7-4512-8489-09C2D20E8ED3}.Debug|Any CPU.ActiveCfg = Debug|Any CPU
		{89EC60FB-24F7-4512-8489-09C2D20E8ED3}.Debug|Any CPU.Build.0 = Debug|Any CPU
		{89EC60FB-24F7-4512-8489-09C2D20E8ED3}.Release|Any CPU.ActiveCfg = Release|Any CPU
		{89EC60FB-24F7-4512-8489-09C2D20E8ED3}.Release|Any CPU.Build.0 = Release|Any CPU
	EndGlobalSection
	GlobalSection(SolutionProperties) = preSolution
		HideSolutionNode = FALSE
	EndGlobalSection
	GlobalSection(ExtensibilityGlobals) = postSolution
		SolutionGuid = {1CB05721-5660-484E-A7E4-201F6EACD086}
	EndGlobalSection
EndGlobal
